
Microsoft Visual Studio Solution File, Format Version 12.00
# Visual Studio 2017
Project("{FAE04EC0-301F-11D3-BF4B-00C04F79EFBC}") = "BlockBreaker.Plugins", "BlockBreaker.Plugins.csproj", "{36A0B3E7-36D0-E225-BF99-DBA7CCC7A685}"
EndProject
Project("{FAE04EC0-301F-11D3-BF4B-00C04F79EFBC}") = "BlockBreaker", "BlockBreaker.csproj", "{DBA617B5-779A-0040-C1D7-EF624A0C0BAB}"
EndProject
Project("{FAE04EC0-301F-11D3-BF4B-00C04F79EFBC}") = "BlockBreaker.Editor.Plugins", "BlockBreaker.Editor.Plugins.csproj", "{8D36246E-44E9-9848-E837-7EACD6BF09E4}"
EndProject
Global
	GlobalSection(SolutionConfigurationPlatforms) = preSolution
		Debug|Any CPU = Debug|Any CPU
		Release|Any CPU = Release|Any CPU
	EndGlobalSection
	GlobalSection(ProjectConfigurationPlatforms) = postSolution
		{36A0B3E7-36D0-E225-BF99-DBA7CCC7A685}.Debug|Any CPU.ActiveCfg = Debug|Any CPU
		{36A0B3E7-36D0-E225-BF99-DBA7CCC7A685}.Debug|Any CPU.Build.0 = Debug|Any CPU
		{36A0B3E7-36D0-E225-BF99-DBA7CCC7A685}.Release|Any CPU.ActiveCfg = Release|Any CPU
		{36A0B3E7-36D0-E225-BF99-DBA7CCC7A685}.Release|Any CPU.Build.0 = Release|Any CPU
		{DBA617B5-779A-0040-C1D7-EF624A0C0BAB}.Debug|Any CPU.ActiveCfg = Debug|Any CPU
		{DBA617B5-779A-0040-C1D7-EF624A0C0BAB}.Debug|Any CPU.Build.0 = Debug|Any CPU
		{DBA617B5-779A-0040-C1D7-EF624A0C0BAB}.Release|Any CPU.ActiveCfg = Release|Any CPU
		{DBA617B5-779A-0040-C1D7-EF624A0C0BAB}.Release|Any CPU.Build.0 = Release|Any CPU
		{8D36246E-44E9-9848-E837-7EACD6BF09E4}.Debug|Any CPU.ActiveCfg = Debug|Any CPU
		{8D36246E-44E9-9848-E837-7EACD6BF09E4}.Debug|Any CPU.Build.0 = Debug|Any CPU
		{8D36246E-44E9-9848-E837-7EACD6BF09E4}.Release|Any CPU.ActiveCfg = Release|Any CPU
		{8D36246E-44E9-9848-E837-7EACD6BF09E4}.Release|Any CPU.Build.0 = Release|Any CPU
	EndGlobalSection
	GlobalSection(SolutionProperties) = preSolution
		HideSolutionNode = FALSE
	EndGlobalSection
EndGlobal
